{
  "name": "new.brokercash.hu",
  "lockfileVersion": 3,
  "requires": true,
  "packages": {
    "": {
      "dependencies": {
        "codemirror": "^5.65.17",
        "froala-editor": "^4.3.0"
      }
    },
    "node_modules/codemirror": {
      "version": "5.65.17",
      "resolved": "https://registry.npmjs.org/codemirror/-/codemirror-5.65.17.tgz",
      "integrity": "sha512-1zOsUx3lzAOu/gnMAZkQ9kpIHcPYOc9y1Fbm2UVk5UBPkdq380nhkelG0qUwm1f7wPvTbndu9ZYlug35EwAZRQ=="
    },
    "node_modules/froala-editor": {
      "version": "4.3.0",
      "resolved": "https://registry.npmjs.org/froala-editor/-/froala-editor-4.3.0.tgz",
      "integrity": "sha512-F0vOUrgO2KYa/z9eWEpIXCsArbYejiArfFmR0TaVlqecXRcDqXIJ1VxvECreoy6tC+B5FtO1CDV7GW3d0HXgtg=="
    }
  }
}
